
Microsoft Visual Studio Solution File, Format Version 12.00
# Visual Studio 15
VisualStudioVersion = 15.0.33026.149
MinimumVisualStudioVersion = 10.0.40219.1
Project("{B1E792BE-AA5F-4E3C-8C82-674BF9C0715B}") = "TcBase", "TcBase\TcBase.tsproj", "{E433D447-1E57-4990-B085-621CF7EFF45F}"
EndProject
Global
	GlobalSection(SolutionConfigurationPlatforms) = preSolution
		Debug|TwinCAT CE7 (ARMV7) = Debug|TwinCAT CE7 (ARMV7)
		Debug|TwinCAT OS (ARMT2) = Debug|TwinCAT OS (ARMT2)
		Debug|TwinCAT RT (x64) = Debug|TwinCAT RT (x64)
		Debug|TwinCAT RT (x86) = Debug|TwinCAT RT (x86)
		Release|TwinCAT CE7 (ARMV7) = Release|TwinCAT CE7 (ARMV7)
		Release|TwinCAT OS (ARMT2) = Release|TwinCAT OS (ARMT2)
		Release|TwinCAT RT (x64) = Release|TwinCAT RT (x64)
		Release|TwinCAT RT (x86) = Release|TwinCAT RT (x86)
	EndGlobalSection
	GlobalSection(ProjectConfigurationPlatforms) = postSolution
		{E433D447-1E57-4990-B085-621CF7EFF45F}.Debug|TwinCAT CE7 (ARMV7).ActiveCfg = Debug|TwinCAT CE7 (ARMV7)
		{E433D447-1E57-4990-B085-621CF7EFF45F}.Debug|TwinCAT CE7 (ARMV7).Build.0 = Debug|TwinCAT CE7 (ARMV7)
		{E433D447-1E57-4990-B085-621CF7EFF45F}.Debug|TwinCAT OS (ARMT2).ActiveCfg = Debug|TwinCAT OS (ARMT2)
		{E433D447-1E57-4990-B085-621CF7EFF45F}.Debug|TwinCAT OS (ARMT2).Build.0 = Debug|TwinCAT OS (ARMT2)
		{E433D447-1E57-4990-B085-621CF7EFF45F}.Debug|TwinCAT RT (x64).ActiveCfg = Debug|TwinCAT RT (x64)
		{E433D447-1E57-4990-B085-621CF7EFF45F}.Debug|TwinCAT RT (x64).Build.0 = Debug|TwinCAT RT (x64)
		{E433D447-1E57-4990-B085-621CF7EFF45F}.Debug|TwinCAT RT (x86).ActiveCfg = Debug|TwinCAT RT (x86)
		{E433D447-1E57-4990-B085-621CF7EFF45F}.Debug|TwinCAT RT (x86).Build.0 = Debug|TwinCAT RT (x86)
		{E433D447-1E57-4990-B085-621CF7EFF45F}.Release|TwinCAT CE7 (ARMV7).ActiveCfg = Release|TwinCAT CE7 (ARMV7)
		{E433D447-1E57-4990-B085-621CF7EFF45F}.Release|TwinCAT CE7 (ARMV7).Build.0 = Release|TwinCAT CE7 (ARMV7)
		{E433D447-1E57-4990-B085-621CF7EFF45F}.Release|TwinCAT OS (ARMT2).ActiveCfg = Release|TwinCAT OS (ARMT2)
		{E433D447-1E57-4990-B085-621CF7EFF45F}.Release|TwinCAT OS (ARMT2).Build.0 = Release|TwinCAT OS (ARMT2)
		{E433D447-1E57-4990-B085-621CF7EFF45F}.Release|TwinCAT RT (x64).ActiveCfg = Release|TwinCAT RT (x64)
		{E433D447-1E57-4990-B085-621CF7EFF45F}.Release|TwinCAT RT (x64).Build.0 = Release|TwinCAT RT (x64)
		{E433D447-1E57-4990-B085-621CF7EFF45F}.Release|TwinCAT RT (x86).ActiveCfg = Release|TwinCAT RT (x86)
		{E433D447-1E57-4990-B085-621CF7EFF45F}.Release|TwinCAT RT (x86).Build.0 = Release|TwinCAT RT (x86)
		{553D344D-26D1-4070-8621-D82B73140D8A}.Debug|TwinCAT CE7 (ARMV7).ActiveCfg = Debug|TwinCAT CE7 (ARMV7)
		{553D344D-26D1-4070-8621-D82B73140D8A}.Debug|TwinCAT CE7 (ARMV7).Build.0 = Debug|TwinCAT CE7 (ARMV7)
		{553D344D-26D1-4070-8621-D82B73140D8A}.Debug|TwinCAT OS (ARMT2).ActiveCfg = Debug|TwinCAT OS (ARMT2)
		{553D344D-26D1-4070-8621-D82B73140D8A}.Debug|TwinCAT OS (ARMT2).Build.0 = Debug|TwinCAT OS (ARMT2)
		{553D344D-26D1-4070-8621-D82B73140D8A}.Debug|TwinCAT RT (x64).ActiveCfg = Debug|TwinCAT RT (x64)
		{553D344D-26D1-4070-8621-D82B73140D8A}.Debug|TwinCAT RT (x64).Build.0 = Debug|TwinCAT RT (x64)
		{553D344D-26D1-4070-8621-D82B73140D8A}.Debug|TwinCAT RT (x86).ActiveCfg = Debug|TwinCAT RT (x86)
		{553D344D-26D1-4070-8621-D82B73140D8A}.Debug|TwinCAT RT (x86).Build.0 = Debug|TwinCAT RT (x86)
		{553D344D-26D1-4070-8621-D82B73140D8A}.Release|TwinCAT CE7 (ARMV7).ActiveCfg = Release|TwinCAT CE7 (ARMV7)
		{553D344D-26D1-4070-8621-D82B73140D8A}.Release|TwinCAT CE7 (ARMV7).Build.0 = Release|TwinCAT CE7 (ARMV7)
		{553D344D-26D1-4070-8621-D82B73140D8A}.Release|TwinCAT OS (ARMT2).ActiveCfg = Release|TwinCAT OS (ARMT2)
		{553D344D-26D1-4070-8621-D82B73140D8A}.Release|TwinCAT OS (ARMT2).Build.0 = Release|TwinCAT OS (ARMT2)
		{553D344D-26D1-4070-8621-D82B73140D8A}.Release|TwinCAT RT (x64).ActiveCfg = Release|TwinCAT RT (x64)
		{553D344D-26D1-4070-8621-D82B73140D8A}.Release|TwinCAT RT (x64).Build.0 = Release|TwinCAT RT (x64)
		{553D344D-26D1-4070-8621-D82B73140D8A}.Release|TwinCAT RT (x86).ActiveCfg = Release|TwinCAT RT (x86)
		{553D344D-26D1-4070-8621-D82B73140D8A}.Release|TwinCAT RT (x86).Build.0 = Release|TwinCAT RT (x86)
	EndGlobalSection
	GlobalSection(SolutionProperties) = preSolution
		HideSolutionNode = FALSE
	EndGlobalSection
	GlobalSection(ExtensibilityGlobals) = postSolution
		SolutionGuid = {C4831085-6EDB-4A7A-9C55-0B1F2F7A2726}
	EndGlobalSection
EndGlobal
